{
  "name": "importer",
  "version": "1.0.0",
  "lockfileVersion": 1,
  "requires": true,
  "dependencies": {
    "bin-protocol": {
      "version": "3.1.1",
      "resolved": "https://registry.npmjs.org/bin-protocol/-/bin-protocol-3.1.1.tgz",
      "integrity": "sha512-9vCGfaHC2GBHZwGQdG+DpyXfmLvx9uKtf570wMLwIc9wmTIDgsdCBXQxTZu5X2GyogkfBks2Ode4N0sUVxJ2qQ==",
      "requires": {
        "lodash": "^4.17.11",
        "long": "^4.0.0",
        "protocol-buffers-schema": "^3.0.0"
      }
    },
    "colors": {
      "version": "1.4.0",
      "resolved": "https://registry.npmjs.org/colors/-/colors-1.4.0.tgz",
      "integrity": "sha512-a+UqTh4kgZg/SlGvfbzDHpgRu7AAQOmmqRHJnxhRZICKFUT91brVhNNt58CMWU9PsBbv3PDCZUHbVxuDiH2mtA=="
    },
    "lodash": {
      "version": "4.17.15",
      "resolved": "https://registry.npmjs.org/lodash/-/lodash-4.17.15.tgz",
      "integrity": "sha512-8xOcRHvCjnocdS5cpwXQXVzmmh5e5+saE2QGoeQmbKmRS6J3VQppPOIt0MnmE+4xlZoumy0GPG0D0MVIQbNA1A=="
    },
    "long": {
      "version": "4.0.0",
      "resolved": "https://registry.npmjs.org/long/-/long-4.0.0.tgz",
      "integrity": "sha512-XsP+KhQif4bjX1kbuSiySJFNAehNxgLb6hPRGJ9QsUr8ajHkuXGdrHmFUTUUXhDwVX2R5bY4JNZEwbUiMhV+MA=="
    },
    "prettier": {
      "version": "2.0.2",
      "resolved": "https://registry.npmjs.org/prettier/-/prettier-2.0.2.tgz",
      "integrity": "sha512-5xJQIPT8BraI7ZnaDwSbu5zLrB6vvi8hVV58yHQ+QK64qrY40dULy0HSRlQ2/2IdzeBpjhDkqdcFBnFeDEMVdg==",
      "dev": true
    },
    "protocol-buffers-schema": {
      "version": "3.4.0",
      "resolved": "https://registry.npmjs.org/protocol-buffers-schema/-/protocol-buffers-schema-3.4.0.tgz",
      "integrity": "sha512-G/2kcamPF2S49W5yaMGdIpkG6+5wZF0fzBteLKgEHjbNzqjZQ85aAs1iJGto31EJaSTkNvHs5IXuHSaTLWBAiA=="
    }
  }
}
